
Microsoft Visual Studio Solution File, Format Version 12.00
# Visual Studio Version 16
VisualStudioVersion = 16.0.29509.3
MinimumVisualStudioVersion = 10.0.40219.1
Project("{FAE04EC0-301F-11D3-BF4B-00C04F79EFBC}") = "Server", "Server\Server.csproj", "{F8CAB4B7-84FC-4391-8C81-90CFC2DB35EF}"
EndProject
Global
	GlobalSection(SolutionConfigurationPlatforms) = preSolution
		Debug|Any CPU = Debug|Any CPU
		Release|Any CPU = Release|Any CPU
	EndGlobalSection
	GlobalSection(ProjectConfigurationPlatforms) = postSolution
		{F8CAB4B7-84FC-4391-8C81-90CFC2DB35EF}.Debug|Any CPU.ActiveCfg = Debug|Any CPU
		{F8CAB4B7-84FC-4391-8C81-90CFC2DB35EF}.Debug|Any CPU.Build.0 = Debug|Any CPU
		{F8CAB4B7-84FC-4391-8C81-90CFC2DB35EF}.Release|Any CPU.ActiveCfg = Release|Any CPU
		{F8CAB4B7-84FC-4391-8C81-90CFC2DB35EF}.Release|Any CPU.Build.0 = Release|Any CPU
	EndGlobalSection
	GlobalSection(SolutionProperties) = preSolution
		HideSolutionNode = FALSE
	EndGlobalSection
	GlobalSection(ExtensibilityGlobals) = postSolution
		SolutionGuid = {FD189967-7A4D-4EF4-BF8C-B7947D0C589D}
	EndGlobalSection
EndGlobal
